
Microsoft Visual Studio Solution File, Format Version 12.00
# Visual Studio Version 16
VisualStudioVersion = 16.0.29418.71
MinimumVisualStudioVersion = 10.0.40219.1
Project("{9A19103F-16F7-4668-BE54-9A1E7A4F7556}") = "DisCore", "DisCore\DisCore.csproj", "{D96FB5F5-E61B-4BCB-B080-261ED2BFEE25}"
EndProject
Project("{9A19103F-16F7-4668-BE54-9A1E7A4F7556}") = "ExampleModule", "ExampleModule\ExampleModule.csproj", "{B385958F-0613-484E-B5EC-9FE9CEA70047}"
EndProject
Project("{FAE04EC0-301F-11D3-BF4B-00C04F79EFBC}") = "DisCore.Tests", "DisCore.Tests\DisCore.Tests.csproj", "{C7C80C21-9079-4494-B8C0-092CDD19C7A5}"
EndProject
Global
	GlobalSection(SolutionConfigurationPlatforms) = preSolution
		Debug|Any CPU = Debug|Any CPU
		Release|Any CPU = Release|Any CPU
	EndGlobalSection
	GlobalSection(ProjectConfigurationPlatforms) = postSolution
		{D96FB5F5-E61B-4BCB-B080-261ED2BFEE25}.Debug|Any CPU.ActiveCfg = Debug|Any CPU
		{D96FB5F5-E61B-4BCB-B080-261ED2BFEE25}.Debug|Any CPU.Build.0 = Debug|Any CPU
		{D96FB5F5-E61B-4BCB-B080-261ED2BFEE25}.Release|Any CPU.ActiveCfg = Release|Any CPU
		{D96FB5F5-E61B-4BCB-B080-261ED2BFEE25}.Release|Any CPU.Build.0 = Release|Any CPU
		{B385958F-0613-484E-B5EC-9FE9CEA70047}.Debug|Any CPU.ActiveCfg = Debug|Any CPU
		{B385958F-0613-484E-B5EC-9FE9CEA70047}.Debug|Any CPU.Build.0 = Debug|Any CPU
		{B385958F-0613-484E-B5EC-9FE9CEA70047}.Release|Any CPU.ActiveCfg = Release|Any CPU
		{B385958F-0613-484E-B5EC-9FE9CEA70047}.Release|Any CPU.Build.0 = Release|Any CPU
		{C7C80C21-9079-4494-B8C0-092CDD19C7A5}.Debug|Any CPU.ActiveCfg = Debug|Any CPU
		{C7C80C21-9079-4494-B8C0-092CDD19C7A5}.Debug|Any CPU.Build.0 = Debug|Any CPU
		{C7C80C21-9079-4494-B8C0-092CDD19C7A5}.Release|Any CPU.ActiveCfg = Release|Any CPU
		{C7C80C21-9079-4494-B8C0-092CDD19C7A5}.Release|Any CPU.Build.0 = Release|Any CPU
	EndGlobalSection
	GlobalSection(SolutionProperties) = preSolution
		HideSolutionNode = FALSE
	EndGlobalSection
	GlobalSection(ExtensibilityGlobals) = postSolution
		SolutionGuid = {92C542EE-E2CB-4F5C-B3DA-0A3060EC5E45}
	EndGlobalSection
EndGlobal
